// !$*UTF8*$!
{
	archiveVersion = 1;
	classes = {
	};
	objectVersion = 52;
	objects = {

/* Begin PBXBuildFile section */
		8FB373EC243F1D3800205C7A /* AppDelegate.swift in Sources */ = {isa = PBXBuildFile; fileRef = 8FB373EB243F1D3800205C7A /* AppDelegate.swift */; };
		8FB373EE243F1D3800205C7A /* SceneDelegate.swift in Sources */ = {isa = PBXBuildFile; fileRef = 8FB373ED243F1D3800205C7A /* SceneDelegate.swift */; };
		8FB373F5243F1D3A00205C7A /* Assets.xcassets in Resources */ = {isa = PBXBuildFile; fileRef = 8FB373F4243F1D3A00205C7A /* Assets.xcassets */; };
		8FB373F8243F1D3A00205C7A /* LaunchScreen.storyboard in Resources */ = {isa = PBXBuildFile; fileRef = 8FB373F6243F1D3A00205C7A /* LaunchScreen.storyboard */; };
		8FB37400243F50AF00205C7A /* SearchViewController.swift in Sources */ = {isa = PBXBuildFile; fileRef = 8FB373FF243F50AF00205C7A /* SearchViewController.swift */; };
		8FB37402243F50DD00205C7A /* FavoritesListViewController.swift in Sources */ = {isa = PBXBuildFile; fileRef = 8FB37401243F50DD00205C7A /* FavoritesListViewController.swift */; };
		8FB37404243F64C900205C7A /* GFButton.swift in Sources */ = {isa = PBXBuildFile; fileRef = 8FB37403243F64C900205C7A /* GFButton.swift */; };
		8FB37406243F6B9C00205C7A /* GFTextField.swift in Sources */ = {isa = PBXBuildFile; fileRef = 8FB37405243F6B9C00205C7A /* GFTextField.swift */; };
		8FB3740824406FCA00205C7A /* FollowerListViewController.swift in Sources */ = {isa = PBXBuildFile; fileRef = 8FB3740724406FCA00205C7A /* FollowerListViewController.swift */; };
		8FB3740A24407B6B00205C7A /* GFTitleLabel.swift in Sources */ = {isa = PBXBuildFile; fileRef = 8FB3740924407B6B00205C7A /* GFTitleLabel.swift */; };
		8FB3740C24407CE000205C7A /* GFBodyLabel.swift in Sources */ = {isa = PBXBuildFile; fileRef = 8FB3740B24407CE000205C7A /* GFBodyLabel.swift */; };
		8FB3740E24407D9B00205C7A /* GFAlertViewController.swift in Sources */ = {isa = PBXBuildFile; fileRef = 8FB3740D24407D9B00205C7A /* GFAlertViewController.swift */; };
		8FB374102440902000205C7A /* UIViewController+Ext.swift in Sources */ = {isa = PBXBuildFile; fileRef = 8FB3740F2440902000205C7A /* UIViewController+Ext.swift */; };
		8FB374182440967200205C7A /* GHFollowersTests.swift in Sources */ = {isa = PBXBuildFile; fileRef = 8FB374172440967200205C7A /* GHFollowersTests.swift */; };
		8FB374212440971000205C7A /* SnapshotTesting in Frameworks */ = {isa = PBXBuildFile; productRef = 8FB374202440971000205C7A /* SnapshotTesting */; };
		8FB374232440977900205C7A /* SearchViewControllerSnapshotTests.swift in Sources */ = {isa = PBXBuildFile; fileRef = 8FB374222440977900205C7A /* SearchViewControllerSnapshotTests.swift */; };
		8FB3742A2440A54700205C7A /* Follower.swift in Sources */ = {isa = PBXBuildFile; fileRef = 8FB374292440A54700205C7A /* Follower.swift */; };
		8FB3742C2440A60C00205C7A /* User.swift in Sources */ = {isa = PBXBuildFile; fileRef = 8FB3742B2440A60C00205C7A /* User.swift */; };
		8FB3742F2440AF0500205C7A /* NetworkManager.swift in Sources */ = {isa = PBXBuildFile; fileRef = 8FB3742E2440AF0500205C7A /* NetworkManager.swift */; };
		8FB374322440BC7700205C7A /* ErrorMessage.swift in Sources */ = {isa = PBXBuildFile; fileRef = 8FB374312440BC7700205C7A /* ErrorMessage.swift */; };
		8FB374352445A91200205C7A /* FollowerCell.swift in Sources */ = {isa = PBXBuildFile; fileRef = 8FB374342445A91200205C7A /* FollowerCell.swift */; };
		8FB374372445A98F00205C7A /* GFAvatarImageView.swift in Sources */ = {isa = PBXBuildFile; fileRef = 8FB374362445A98F00205C7A /* GFAvatarImageView.swift */; };
		8FB374392445C0A600205C7A /* UIHelper.swift in Sources */ = {isa = PBXBuildFile; fileRef = 8FB374382445C0A600205C7A /* UIHelper.swift */; };
		8FB374412445F7CA00205C7A /* GFEmptyStateView.swift in Sources */ = {isa = PBXBuildFile; fileRef = 8FB374402445F7CA00205C7A /* GFEmptyStateView.swift */; };
		8FB374432446F8B800205C7A /* UserInfoViewController.swift in Sources */ = {isa = PBXBuildFile; fileRef = 8FB374422446F8B800205C7A /* UserInfoViewController.swift */; };
		8FB374452447086C00205C7A /* GFUserInfoHeaderViewController.swift in Sources */ = {isa = PBXBuildFile; fileRef = 8FB374442447086C00205C7A /* GFUserInfoHeaderViewController.swift */; };
		8FB37447244708E200205C7A /* GFSecondaryTitleLabel.swift in Sources */ = {isa = PBXBuildFile; fileRef = 8FB37446244708E200205C7A /* GFSecondaryTitleLabel.swift */; };
		8FB3744924470EF300205C7A /* Constants.swift in Sources */ = {isa = PBXBuildFile; fileRef = 8FB3744824470EF300205C7A /* Constants.swift */; };
		8FB3744B2447256000205C7A /* GFItemInfoView.swift in Sources */ = {isa = PBXBuildFile; fileRef = 8FB3744A2447256000205C7A /* GFItemInfoView.swift */; };
		8FB3744D24472AC600205C7A /* GFItemInfoViewController.swift in Sources */ = {isa = PBXBuildFile; fileRef = 8FB3744C24472AC600205C7A /* GFItemInfoViewController.swift */; };
		8FB3744F244730D900205C7A /* GFRepoItemViewController.swift in Sources */ = {isa = PBXBuildFile; fileRef = 8FB3744E244730D900205C7A /* GFRepoItemViewController.swift */; };
		8FB37451244732D300205C7A /* GFFollowerItemViewController.swift in Sources */ = {isa = PBXBuildFile; fileRef = 8FB37450244732D300205C7A /* GFFollowerItemViewController.swift */; };
		8FB374542447363200205C7A /* Date+Ext.swift in Sources */ = {isa = PBXBuildFile; fileRef = 8FB374532447363200205C7A /* Date+Ext.swift */; };
		8FB374562447372900205C7A /* String+Ext.swift in Sources */ = {isa = PBXBuildFile; fileRef = 8FB374552447372900205C7A /* String+Ext.swift */; };
		8FB374582448401400205C7A /* PersistenceManager.swift in Sources */ = {isa = PBXBuildFile; fileRef = 8FB374572448401400205C7A /* PersistenceManager.swift */; };
/* End PBXBuildFile section */

/* Begin PBXContainerItemProxy section */
		8FB3741A2440967300205C7A /* PBXContainerItemProxy */ = {
			isa = PBXContainerItemProxy;
			containerPortal = 8FB373E0243F1D3800205C7A /* Project object */;
			proxyType = 1;
			remoteGlobalIDString = 8FB373E7243F1D3800205C7A;
			remoteInfo = GHFollowers;
		};
/* End PBXContainerItemProxy section */

/* Begin PBXFileReference section */
		8FB373E8243F1D3800205C7A /* GHFollowers.app */ = {isa = PBXFileReference; explicitFileType = wrapper.application; includeInIndex = 0; path = GHFollowers.app; sourceTree = BUILT_PRODUCTS_DIR; };
		8FB373EB243F1D3800205C7A /* AppDelegate.swift */ = {isa = PBXFileReference; lastKnownFileType = sourcecode.swift; path = AppDelegate.swift; sourceTree = "<group>"; };
		8FB373ED243F1D3800205C7A /* SceneDelegate.swift */ = {isa = PBXFileReference; lastKnownFileType = sourcecode.swift; path = SceneDelegate.swift; sourceTree = "<group>"; };
		8FB373F4243F1D3A00205C7A /* Assets.xcassets */ = {isa = PBXFileReference; lastKnownFileType = folder.assetcatalog; path = Assets.xcassets; sourceTree = "<group>"; };
		8FB373F7243F1D3A00205C7A /* Base */ = {isa = PBXFileReference; lastKnownFileType = file.storyboard; name = Base; path = Base.lproj/LaunchScreen.storyboard; sourceTree = "<group>"; };
		8FB373F9243F1D3A00205C7A /* Info.plist */ = {isa = PBXFileReference; lastKnownFileType = text.plist.xml; path = Info.plist; sourceTree = "<group>"; };
		8FB373FF243F50AF00205C7A /* SearchViewController.swift */ = {isa = PBXFileReference; lastKnownFileType = sourcecode.swift; path = SearchViewController.swift; sourceTree = "<group>"; };
		8FB37401243F50DD00205C7A /* FavoritesListViewController.swift */ = {isa = PBXFileReference; lastKnownFileType = sourcecode.swift; path = FavoritesListViewController.swift; sourceTree = "<group>"; };
		8FB37403243F64C900205C7A /* GFButton.swift */ = {isa = PBXFileReference; lastKnownFileType = sourcecode.swift; path = GFButton.swift; sourceTree = "<group>"; };
		8FB37405243F6B9C00205C7A /* GFTextField.swift */ = {isa = PBXFileReference; lastKnownFileType = sourcecode.swift; path = GFTextField.swift; sourceTree = "<group>"; };
		8FB3740724406FCA00205C7A /* FollowerListViewController.swift */ = {isa = PBXFileReference; lastKnownFileType = sourcecode.swift; path = FollowerListViewController.swift; sourceTree = "<group>"; };
		8FB3740924407B6B00205C7A /* GFTitleLabel.swift */ = {isa = PBXFileReference; lastKnownFileType = sourcecode.swift; path = GFTitleLabel.swift; sourceTree = "<group>"; };
		8FB3740B24407CE000205C7A /* GFBodyLabel.swift */ = {isa = PBXFileReference; lastKnownFileType = sourcecode.swift; path = GFBodyLabel.swift; sourceTree = "<group>"; };
		8FB3740D24407D9B00205C7A /* GFAlertViewController.swift */ = {isa = PBXFileReference; lastKnownFileType = sourcecode.swift; path = GFAlertViewController.swift; sourceTree = "<group>"; };
		8FB3740F2440902000205C7A /* UIViewController+Ext.swift */ = {isa = PBXFileReference; lastKnownFileType = sourcecode.swift; path = "UIViewController+Ext.swift"; sourceTree = "<group>"; };
		8FB374152440967200205C7A /* GHFollowersTests.xctest */ = {isa = PBXFileReference; explicitFileType = wrapper.cfbundle; includeInIndex = 0; path = GHFollowersTests.xctest; sourceTree = BUILT_PRODUCTS_DIR; };
		8FB374172440967200205C7A /* GHFollowersTests.swift */ = {isa = PBXFileReference; lastKnownFileType = sourcecode.swift; path = GHFollowersTests.swift; sourceTree = "<group>"; };
		8FB374192440967200205C7A /* Info.plist */ = {isa = PBXFileReference; lastKnownFileType = text.plist.xml; path = Info.plist; sourceTree = "<group>"; };
		8FB374222440977900205C7A /* SearchViewControllerSnapshotTests.swift */ = {isa = PBXFileReference; lastKnownFileType = sourcecode.swift; path = SearchViewControllerSnapshotTests.swift; sourceTree = "<group>"; };
		8FB374292440A54700205C7A /* Follower.swift */ = {isa = PBXFileReference; lastKnownFileType = sourcecode.swift; path = Follower.swift; sourceTree = "<group>"; };
		8FB3742B2440A60C00205C7A /* User.swift */ = {isa = PBXFileReference; lastKnownFileType = sourcecode.swift; path = User.swift; sourceTree = "<group>"; };
		8FB3742E2440AF0500205C7A /* NetworkManager.swift */ = {isa = PBXFileReference; lastKnownFileType = sourcecode.swift; path = NetworkManager.swift; sourceTree = "<group>"; };
		8FB374312440BC7700205C7A /* ErrorMessage.swift */ = {isa = PBXFileReference; lastKnownFileType = sourcecode.swift; path = ErrorMessage.swift; sourceTree = "<group>"; };
		8FB374342445A91200205C7A /* FollowerCell.swift */ = {isa = PBXFileReference; lastKnownFileType = sourcecode.swift; path = FollowerCell.swift; sourceTree = "<group>"; };
		8FB374362445A98F00205C7A /* GFAvatarImageView.swift */ = {isa = PBXFileReference; lastKnownFileType = sourcecode.swift; path = GFAvatarImageView.swift; sourceTree = "<group>"; };
		8FB374382445C0A600205C7A /* UIHelper.swift */ = {isa = PBXFileReference; lastKnownFileType = sourcecode.swift; path = UIHelper.swift; sourceTree = "<group>"; };
		8FB374402445F7CA00205C7A /* GFEmptyStateView.swift */ = {isa = PBXFileReference; lastKnownFileType = sourcecode.swift; path = GFEmptyStateView.swift; sourceTree = "<group>"; };
		8FB374422446F8B800205C7A /* UserInfoViewController.swift */ = {isa = PBXFileReference; lastKnownFileType = sourcecode.swift; path = UserInfoViewController.swift; sourceTree = "<group>"; };
		8FB374442447086C00205C7A /* GFUserInfoHeaderViewController.swift */ = {isa = PBXFileReference; lastKnownFileType = sourcecode.swift; path = GFUserInfoHeaderViewController.swift; sourceTree = "<group>"; };
		8FB37446244708E200205C7A /* GFSecondaryTitleLabel.swift */ = {isa = PBXFileReference; lastKnownFileType = sourcecode.swift; path = GFSecondaryTitleLabel.swift; sourceTree = "<group>"; };
		8FB3744824470EF300205C7A /* Constants.swift */ = {isa = PBXFileReference; lastKnownFileType = sourcecode.swift; path = Constants.swift; sourceTree = "<group>"; };
		8FB3744A2447256000205C7A /* GFItemInfoView.swift */ = {isa = PBXFileReference; lastKnownFileType = sourcecode.swift; path = GFItemInfoView.swift; sourceTree = "<group>"; };
		8FB3744C24472AC600205C7A /* GFItemInfoViewController.swift */ = {isa = PBXFileReference; lastKnownFileType = sourcecode.swift; path = GFItemInfoViewController.swift; sourceTree = "<group>"; };
		8FB3744E244730D900205C7A /* GFRepoItemViewController.swift */ = {isa = PBXFileReference; lastKnownFileType = sourcecode.swift; path = GFRepoItemViewController.swift; sourceTree = "<group>"; };
		8FB37450244732D300205C7A /* GFFollowerItemViewController.swift */ = {isa = PBXFileReference; lastKnownFileType = sourcecode.swift; path = GFFollowerItemViewController.swift; sourceTree = "<group>"; };
		8FB374532447363200205C7A /* Date+Ext.swift */ = {isa = PBXFileReference; lastKnownFileType = sourcecode.swift; path = "Date+Ext.swift"; sourceTree = "<group>"; };
		8FB374552447372900205C7A /* String+Ext.swift */ = {isa = PBXFileReference; lastKnownFileType = sourcecode.swift; path = "String+Ext.swift"; sourceTree = "<group>"; };
		8FB374572448401400205C7A /* PersistenceManager.swift */ = {isa = PBXFileReference; lastKnownFileType = sourcecode.swift; path = PersistenceManager.swift; sourceTree = "<group>"; };
/* End PBXFileReference section */

/* Begin PBXFrameworksBuildPhase section */
		8FB373E5243F1D3800205C7A /* Frameworks */ = {
			isa = PBXFrameworksBuildPhase;
			buildActionMask = 2147483647;
			files = (
			);
			runOnlyForDeploymentPostprocessing = 0;
		};
		8FB374122440967200205C7A /* Frameworks */ = {
			isa = PBXFrameworksBuildPhase;
			buildActionMask = 2147483647;
			files = (
				8FB374212440971000205C7A /* SnapshotTesting in Frameworks */,
			);
			runOnlyForDeploymentPostprocessing = 0;
		};
/* End PBXFrameworksBuildPhase section */

/* Begin PBXGroup section */
		8FB373DF243F1D3800205C7A = {
			isa = PBXGroup;
			children = (
				8FB373EA243F1D3800205C7A /* GHFollowers */,
				8FB374162440967200205C7A /* GHFollowersTests */,
				8FB373E9243F1D3800205C7A /* Products */,
			);
			sourceTree = "<group>";
		};
		8FB373E9243F1D3800205C7A /* Products */ = {
			isa = PBXGroup;
			children = (
				8FB373E8243F1D3800205C7A /* GHFollowers.app */,
				8FB374152440967200205C7A /* GHFollowersTests.xctest */,
			);
			name = Products;
			sourceTree = "<group>";
		};
		8FB373EA243F1D3800205C7A /* GHFollowers */ = {
			isa = PBXGroup;
			children = (
				8FB374302440BC6100205C7A /* Utilities */,
				8FB3742D2440AEED00205C7A /* Managers */,
				8FB374282440A53600205C7A /* Model */,
				8FB374272440A00600205C7A /* Support */,
				8FB3742624409FA600205C7A /* Extensions */,
				8FB3742524409F7400205C7A /* Custom Views */,
				8FB3742424409F3D00205C7A /* Screens */,
				8FB373F9243F1D3A00205C7A /* Info.plist */,
			);
			path = GHFollowers;
			sourceTree = "<group>";
		};
		8FB374162440967200205C7A /* GHFollowersTests */ = {
			isa = PBXGroup;
			children = (
				8FB374172440967200205C7A /* GHFollowersTests.swift */,
				8FB374192440967200205C7A /* Info.plist */,
				8FB374222440977900205C7A /* SearchViewControllerSnapshotTests.swift */,
			);
			path = GHFollowersTests;
			sourceTree = "<group>";
		};
		8FB3742424409F3D00205C7A /* Screens */ = {
			isa = PBXGroup;
			children = (
				8FB373FF243F50AF00205C7A /* SearchViewController.swift */,
				8FB37401243F50DD00205C7A /* FavoritesListViewController.swift */,
				8FB3740724406FCA00205C7A /* FollowerListViewController.swift */,
				8FB374422446F8B800205C7A /* UserInfoViewController.swift */,
			);
			path = Screens;
			sourceTree = "<group>";
		};
		8FB3742524409F7400205C7A /* Custom Views */ = {
			isa = PBXGroup;
			children = (
				8FB3743F2445F79F00205C7A /* Labels */,
				8FB3743E2445F78F00205C7A /* ViewControllers */,
				8FB3743D2445F78300205C7A /* ImageViews */,
				8FB3743C2445F77B00205C7A /* TextFields */,
				8FB3743B2445F77300205C7A /* Buttons */,
				8FB3743A2445F76400205C7A /* Views */,
				8FB374332445A8E700205C7A /* Cells */,
			);
			path = "Custom Views";
			sourceTree = "<group>";
		};
		8FB3742624409FA600205C7A /* Extensions */ = {
			isa = PBXGroup;
			children = (
				8FB3740F2440902000205C7A /* UIViewController+Ext.swift */,
				8FB374532447363200205C7A /* Date+Ext.swift */,
				8FB374552447372900205C7A /* String+Ext.swift */,
			);
			path = Extensions;
			sourceTree = "<group>";
		};
		8FB374272440A00600205C7A /* Support */ = {
			isa = PBXGroup;
			children = (
				8FB373F4243F1D3A00205C7A /* Assets.xcassets */,
				8FB373EB243F1D3800205C7A /* AppDelegate.swift */,
				8FB373ED243F1D3800205C7A /* SceneDelegate.swift */,
				8FB373F6243F1D3A00205C7A /* LaunchScreen.storyboard */,
			);
			path = Support;
			sourceTree = "<group>";
		};
		8FB374282440A53600205C7A /* Model */ = {
			isa = PBXGroup;
			children = (
				8FB374292440A54700205C7A /* Follower.swift */,
				8FB3742B2440A60C00205C7A /* User.swift */,
			);
			path = Model;
			sourceTree = "<group>";
		};
		8FB3742D2440AEED00205C7A /* Managers */ = {
			isa = PBXGroup;
			children = (
				8FB3742E2440AF0500205C7A /* NetworkManager.swift */,
				8FB374572448401400205C7A /* PersistenceManager.swift */,
			);
			path = Managers;
			sourceTree = "<group>";
		};
		8FB374302440BC6100205C7A /* Utilities */ = {
			isa = PBXGroup;
			children = (
				8FB374312440BC7700205C7A /* ErrorMessage.swift */,
				8FB374382445C0A600205C7A /* UIHelper.swift */,
				8FB3744824470EF300205C7A /* Constants.swift */,
			);
			path = Utilities;
			sourceTree = "<group>";
		};
		8FB374332445A8E700205C7A /* Cells */ = {
			isa = PBXGroup;
			children = (
				8FB374342445A91200205C7A /* FollowerCell.swift */,
			);
			path = Cells;
			sourceTree = "<group>";
		};
		8FB3743A2445F76400205C7A /* Views */ = {
			isa = PBXGroup;
			children = (
				8FB374402445F7CA00205C7A /* GFEmptyStateView.swift */,
				8FB3744A2447256000205C7A /* GFItemInfoView.swift */,
			);
			path = Views;
			sourceTree = "<group>";
		};
		8FB3743B2445F77300205C7A /* Buttons */ = {
			isa = PBXGroup;
			children = (
				8FB37403243F64C900205C7A /* GFButton.swift */,
			);
			path = Buttons;
			sourceTree = "<group>";
		};
		8FB3743C2445F77B00205C7A /* TextFields */ = {
			isa = PBXGroup;
			children = (
				8FB37405243F6B9C00205C7A /* GFTextField.swift */,
			);
			path = TextFields;
			sourceTree = "<group>";
		};
		8FB3743D2445F78300205C7A /* ImageViews */ = {
			isa = PBXGroup;
			children = (
				8FB374362445A98F00205C7A /* GFAvatarImageView.swift */,
			);
			path = ImageViews;
			sourceTree = "<group>";
		};
		8FB3743E2445F78F00205C7A /* ViewControllers */ = {
			isa = PBXGroup;
			children = (
				8FB374522447332200205C7A /* ItemInfoViewControllers */,
				8FB3740D24407D9B00205C7A /* GFAlertViewController.swift */,
				8FB374442447086C00205C7A /* GFUserInfoHeaderViewController.swift */,
			);
			path = ViewControllers;
			sourceTree = "<group>";
		};
		8FB3743F2445F79F00205C7A /* Labels */ = {
			isa = PBXGroup;
			children = (
				8FB3740B24407CE000205C7A /* GFBodyLabel.swift */,
				8FB3740924407B6B00205C7A /* GFTitleLabel.swift */,
				8FB37446244708E200205C7A /* GFSecondaryTitleLabel.swift */,
			);
			path = Labels;
			sourceTree = "<group>";
		};
		8FB374522447332200205C7A /* ItemInfoViewControllers */ = {
			isa = PBXGroup;
			children = (
				8FB3744C24472AC600205C7A /* GFItemInfoViewController.swift */,
				8FB3744E244730D900205C7A /* GFRepoItemViewController.swift */,
				8FB37450244732D300205C7A /* GFFollowerItemViewController.swift */,
			);
			path = ItemInfoViewControllers;
			sourceTree = "<group>";
		};
/* End PBXGroup section */

/* Begin PBXNativeTarget section */
		8FB373E7243F1D3800205C7A /* GHFollowers */ = {
			isa = PBXNativeTarget;
			buildConfigurationList = 8FB373FC243F1D3A00205C7A /* Build configuration list for PBXNativeTarget "GHFollowers" */;
			buildPhases = (
				8FB373E4243F1D3800205C7A /* Sources */,
				8FB373E5243F1D3800205C7A /* Frameworks */,
				8FB373E6243F1D3800205C7A /* Resources */,
			);
			buildRules = (
			);
			dependencies = (
			);
			name = GHFollowers;
			productName = GHFollowers;
			productReference = 8FB373E8243F1D3800205C7A /* GHFollowers.app */;
			productType = "com.apple.product-type.application";
		};
		8FB374142440967200205C7A /* GHFollowersTests */ = {
			isa = PBXNativeTarget;
			buildConfigurationList = 8FB3741C2440967300205C7A /* Build configuration list for PBXNativeTarget "GHFollowersTests" */;
			buildPhases = (
				8FB374112440967200205C7A /* Sources */,
				8FB374122440967200205C7A /* Frameworks */,
				8FB374132440967200205C7A /* Resources */,
			);
			buildRules = (
			);
			dependencies = (
				8FB3741B2440967300205C7A /* PBXTargetDependency */,
			);
			name = GHFollowersTests;
			packageProductDependencies = (
				8FB374202440971000205C7A /* SnapshotTesting */,
			);
			productName = GHFollowersTests;
			productReference = 8FB374152440967200205C7A /* GHFollowersTests.xctest */;
			productType = "com.apple.product-type.bundle.unit-test";
		};
/* End PBXNativeTarget section */

/* Begin PBXProject section */
		8FB373E0243F1D3800205C7A /* Project object */ = {
			isa = PBXProject;
			attributes = {
				LastSwiftUpdateCheck = 1130;
				LastUpgradeCheck = 1130;
				ORGANIZATIONNAME = kbisewska;
				TargetAttributes = {
					8FB373E7243F1D3800205C7A = {
						CreatedOnToolsVersion = 11.3.1;
					};
					8FB374142440967200205C7A = {
						CreatedOnToolsVersion = 11.3.1;
						TestTargetID = 8FB373E7243F1D3800205C7A;
					};
				};
			};
			buildConfigurationList = 8FB373E3243F1D3800205C7A /* Build configuration list for PBXProject "GHFollowers" */;
			compatibilityVersion = "Xcode 9.3";
			developmentRegion = en;
			hasScannedForEncodings = 0;
			knownRegions = (
				en,
				Base,
			);
			mainGroup = 8FB373DF243F1D3800205C7A;
			packageReferences = (
				8FB3741F2440971000205C7A /* XCRemoteSwiftPackageReference "swift-snapshot-testing" */,
			);
			productRefGroup = 8FB373E9243F1D3800205C7A /* Products */;
			projectDirPath = "";
			projectRoot = "";
			targets = (
				8FB373E7243F1D3800205C7A /* GHFollowers */,
				8FB374142440967200205C7A /* GHFollowersTests */,
			);
		};
/* End PBXProject section */

/* Begin PBXResourcesBuildPhase section */
		8FB373E6243F1D3800205C7A /* Resources */ = {
			isa = PBXResourcesBuildPhase;
			buildActionMask = 2147483647;
			files = (
				8FB373F8243F1D3A00205C7A /* LaunchScreen.storyboard in Resources */,
				8FB373F5243F1D3A00205C7A /* Assets.xcassets in Resources */,
			);
			runOnlyForDeploymentPostprocessing = 0;
		};
		8FB374132440967200205C7A /* Resources */ = {
			isa = PBXResourcesBuildPhase;
			buildActionMask = 2147483647;
			files = (
			);
			runOnlyForDeploymentPostprocessing = 0;
		};
/* End PBXResourcesBuildPhase section */

/* Begin PBXSourcesBuildPhase section */
		8FB373E4243F1D3800205C7A /* Sources */ = {
			isa = PBXSourcesBuildPhase;
			buildActionMask = 2147483647;
			files = (
				8FB3742C2440A60C00205C7A /* User.swift in Sources */,
				8FB3740E24407D9B00205C7A /* GFAlertViewController.swift in Sources */,
				8FB37406243F6B9C00205C7A /* GFTextField.swift in Sources */,
				8FB374562447372900205C7A /* String+Ext.swift in Sources */,
				8FB37400243F50AF00205C7A /* SearchViewController.swift in Sources */,
				8FB374102440902000205C7A /* UIViewController+Ext.swift in Sources */,
				8FB374392445C0A600205C7A /* UIHelper.swift in Sources */,
				8FB37451244732D300205C7A /* GFFollowerItemViewController.swift in Sources */,
				8FB3744F244730D900205C7A /* GFRepoItemViewController.swift in Sources */,
				8FB3744924470EF300205C7A /* Constants.swift in Sources */,
				8FB374372445A98F00205C7A /* GFAvatarImageView.swift in Sources */,
				8FB37404243F64C900205C7A /* GFButton.swift in Sources */,
				8FB374452447086C00205C7A /* GFUserInfoHeaderViewController.swift in Sources */,
				8FB3744B2447256000205C7A /* GFItemInfoView.swift in Sources */,
				8FB3740824406FCA00205C7A /* FollowerListViewController.swift in Sources */,
				8FB374352445A91200205C7A /* FollowerCell.swift in Sources */,
				8FB374322440BC7700205C7A /* ErrorMessage.swift in Sources */,
				8FB3740C24407CE000205C7A /* GFBodyLabel.swift in Sources */,
				8FB3742A2440A54700205C7A /* Follower.swift in Sources */,
				8FB3740A24407B6B00205C7A /* GFTitleLabel.swift in Sources */,
				8FB374542447363200205C7A /* Date+Ext.swift in Sources */,
				8FB374582448401400205C7A /* PersistenceManager.swift in Sources */,
				8FB37447244708E200205C7A /* GFSecondaryTitleLabel.swift in Sources */,
				8FB374412445F7CA00205C7A /* GFEmptyStateView.swift in Sources */,
				8FB3742F2440AF0500205C7A /* NetworkManager.swift in Sources */,
				8FB373EC243F1D3800205C7A /* AppDelegate.swift in Sources */,
				8FB3744D24472AC600205C7A /* GFItemInfoViewController.swift in Sources */,
				8FB374432446F8B800205C7A /* UserInfoViewController.swift in Sources */,
				8FB37402243F50DD00205C7A /* FavoritesListViewController.swift in Sources */,
				8FB373EE243F1D3800205C7A /* SceneDelegate.swift in Sources */,
			);
			runOnlyForDeploymentPostprocessing = 0;
		};
		8FB374112440967200205C7A /* Sources */ = {
			isa = PBXSourcesBuildPhase;
			buildActionMask = 2147483647;
			files = (
				8FB374232440977900205C7A /* SearchViewControllerSnapshotTests.swift in Sources */,
				8FB374182440967200205C7A /* GHFollowersTests.swift in Sources */,
			);
			runOnlyForDeploymentPostprocessing = 0;
		};
/* End PBXSourcesBuildPhase section */

/* Begin PBXTargetDependency section */
		8FB3741B2440967300205C7A /* PBXTargetDependency */ = {
			isa = PBXTargetDependency;
			target = 8FB373E7243F1D3800205C7A /* GHFollowers */;
			targetProxy = 8FB3741A2440967300205C7A /* PBXContainerItemProxy */;
		};
/* End PBXTargetDependency section */

/* Begin PBXVariantGroup section */
		8FB373F6243F1D3A00205C7A /* LaunchScreen.storyboard */ = {
			isa = PBXVariantGroup;
			children = (
				8FB373F7243F1D3A00205C7A /* Base */,
			);
			name = LaunchScreen.storyboard;
			sourceTree = "<group>";
		};
/* End PBXVariantGroup section */

/* Begin XCBuildConfiguration section */
		8FB373FA243F1D3A00205C7A /* Debug */ = {
			isa = XCBuildConfiguration;
			buildSettings = {
				ALWAYS_SEARCH_USER_PATHS = NO;
				CLANG_ANALYZER_NONNULL = YES;
				CLANG_ANALYZER_NUMBER_OBJECT_CONVERSION = YES_AGGRESSIVE;
				CLANG_CXX_LANGUAGE_STANDARD = "gnu++14";
				CLANG_CXX_LIBRARY = "libc++";
				CLANG_ENABLE_MODULES = YES;
				CLANG_ENABLE_OBJC_ARC = YES;
				CLANG_ENABLE_OBJC_WEAK = YES;
				CLANG_WARN_BLOCK_CAPTURE_AUTORELEASING = YES;
				CLANG_WARN_BOOL_CONVERSION = YES;
				CLANG_WARN_COMMA = YES;
				CLANG_WARN_CONSTANT_CONVERSION = YES;
				CLANG_WARN_DEPRECATED_OBJC_IMPLEMENTATIONS = YES;
				CLANG_WARN_DIRECT_OBJC_ISA_USAGE = YES_ERROR;
				CLANG_WARN_DOCUMENTATION_COMMENTS = YES;
				CLANG_WARN_EMPTY_BODY = YES;
				CLANG_WARN_ENUM_CONVERSION = YES;
				CLANG_WARN_INFINITE_RECURSION = YES;
				CLANG_WARN_INT_CONVERSION = YES;
				CLANG_WARN_NON_LITERAL_NULL_CONVERSION = YES;
				CLANG_WARN_OBJC_IMPLICIT_RETAIN_SELF = YES;
				CLANG_WARN_OBJC_LITERAL_CONVERSION = YES;
				CLANG_WARN_OBJC_ROOT_CLASS = YES_ERROR;
				CLANG_WARN_RANGE_LOOP_ANALYSIS = YES;
				CLANG_WARN_STRICT_PROTOTYPES = YES;
				CLANG_WARN_SUSPICIOUS_MOVE = YES;
				CLANG_WARN_UNGUARDED_AVAILABILITY = YES_AGGRESSIVE;
				CLANG_WARN_UNREACHABLE_CODE = YES;
				CLANG_WARN__DUPLICATE_METHOD_MATCH = YES;
				COPY_PHASE_STRIP = NO;
				DEBUG_INFORMATION_FORMAT = dwarf;
				ENABLE_STRICT_OBJC_MSGSEND = YES;
				ENABLE_TESTABILITY = YES;
				GCC_C_LANGUAGE_STANDARD = gnu11;
				GCC_DYNAMIC_NO_PIC = NO;
				GCC_NO_COMMON_BLOCKS = YES;
				GCC_OPTIMIZATION_LEVEL = 0;
				GCC_PREPROCESSOR_DEFINITIONS = (
					"DEBUG=1",
					"$(inherited)",
				);
				GCC_WARN_64_TO_32_BIT_CONVERSION = YES;
				GCC_WARN_ABOUT_RETURN_TYPE = YES_ERROR;
				GCC_WARN_UNDECLARED_SELECTOR = YES;
				GCC_WARN_UNINITIALIZED_AUTOS = YES_AGGRESSIVE;
				GCC_WARN_UNUSED_FUNCTION = YES;
				GCC_WARN_UNUSED_VARIABLE = YES;
				IPHONEOS_DEPLOYMENT_TARGET = 13.2;
				MTL_ENABLE_DEBUG_INFO = INCLUDE_SOURCE;
				MTL_FAST_MATH = YES;
				ONLY_ACTIVE_ARCH = YES;
				SDKROOT = iphoneos;
				SWIFT_ACTIVE_COMPILATION_CONDITIONS = DEBUG;
				SWIFT_OPTIMIZATION_LEVEL = "-Onone";
			};
			name = Debug;
		};
		8FB373FB243F1D3A00205C7A /* Release */ = {
			isa = XCBuildConfiguration;
			buildSettings = {
				ALWAYS_SEARCH_USER_PATHS = NO;
				CLANG_ANALYZER_NONNULL = YES;
				CLANG_ANALYZER_NUMBER_OBJECT_CONVERSION = YES_AGGRESSIVE;
				CLANG_CXX_LANGUAGE_STANDARD = "gnu++14";
				CLANG_CXX_LIBRARY = "libc++";
				CLANG_ENABLE_MODULES = YES;
				CLANG_ENABLE_OBJC_ARC = YES;
				CLANG_ENABLE_OBJC_WEAK = YES;
				CLANG_WARN_BLOCK_CAPTURE_AUTORELEASING = YES;
				CLANG_WARN_BOOL_CONVERSION = YES;
				CLANG_WARN_COMMA = YES;
				CLANG_WARN_CONSTANT_CONVERSION = YES;
				CLANG_WARN_DEPRECATED_OBJC_IMPLEMENTATIONS = YES;
				CLANG_WARN_DIRECT_OBJC_ISA_USAGE = YES_ERROR;
				CLANG_WARN_DOCUMENTATION_COMMENTS = YES;
				CLANG_WARN_EMPTY_BODY = YES;
				CLANG_WARN_ENUM_CONVERSION = YES;
				CLANG_WARN_INFINITE_RECURSION = YES;
				CLANG_WARN_INT_CONVERSION = YES;
				CLANG_WARN_NON_LITERAL_NULL_CONVERSION = YES;
				CLANG_WARN_OBJC_IMPLICIT_RETAIN_SELF = YES;
				CLANG_WARN_OBJC_LITERAL_CONVERSION = YES;
				CLANG_WARN_OBJC_ROOT_CLASS = YES_ERROR;
				CLANG_WARN_RANGE_LOOP_ANALYSIS = YES;
				CLANG_WARN_STRICT_PROTOTYPES = YES;
				CLANG_WARN_SUSPICIOUS_MOVE = YES;
				CLANG_WARN_UNGUARDED_AVAILABILITY = YES_AGGRESSIVE;
				CLANG_WARN_UNREACHABLE_CODE = YES;
				CLANG_WARN__DUPLICATE_METHOD_MATCH = YES;
				COPY_PHASE_STRIP = NO;
				DEBUG_INFORMATION_FORMAT = "dwarf-with-dsym";
				ENABLE_NS_ASSERTIONS = NO;
				ENABLE_STRICT_OBJC_MSGSEND = YES;
				GCC_C_LANGUAGE_STANDARD = gnu11;
				GCC_NO_COMMON_BLOCKS = YES;
				GCC_WARN_64_TO_32_BIT_CONVERSION = YES;
				GCC_WARN_ABOUT_RETURN_TYPE = YES_ERROR;
				GCC_WARN_UNDECLARED_SELECTOR = YES;
				GCC_WARN_UNINITIALIZED_AUTOS = YES_AGGRESSIVE;
				GCC_WARN_UNUSED_FUNCTION = YES;
				GCC_WARN_UNUSED_VARIABLE = YES;
				IPHONEOS_DEPLOYMENT_TARGET = 13.2;
				MTL_ENABLE_DEBUG_INFO = NO;
				MTL_FAST_MATH = YES;
				SDKROOT = iphoneos;
				SWIFT_COMPILATION_MODE = wholemodule;
				SWIFT_OPTIMIZATION_LEVEL = "-O";
				VALIDATE_PRODUCT = YES;
			};
			name = Release;
		};
		8FB373FD243F1D3A00205C7A /* Debug */ = {
			isa = XCBuildConfiguration;
			buildSettings = {
				ASSETCATALOG_COMPILER_APPICON_NAME = AppIcon;
				CODE_SIGN_STYLE = Automatic;
				DEVELOPMENT_TEAM = SBJ7C58BY6;
				INFOPLIST_FILE = GHFollowers/Info.plist;
				LD_RUNPATH_SEARCH_PATHS = (
					"$(inherited)",
					"@executable_path/Frameworks",
				);
				PRODUCT_BUNDLE_IDENTIFIER = com.kbisewska.GHFollowers;
				PRODUCT_NAME = "$(TARGET_NAME)";
				SWIFT_VERSION = 5.0;
				TARGETED_DEVICE_FAMILY = 1;
			};
			name = Debug;
		};
		8FB373FE243F1D3A00205C7A /* Release */ = {
			isa = XCBuildConfiguration;
			buildSettings = {
				ASSETCATALOG_COMPILER_APPICON_NAME = AppIcon;
				CODE_SIGN_STYLE = Automatic;
				DEVELOPMENT_TEAM = SBJ7C58BY6;
				INFOPLIST_FILE = GHFollowers/Info.plist;
				LD_RUNPATH_SEARCH_PATHS = (
					"$(inherited)",
					"@executable_path/Frameworks",
				);
				PRODUCT_BUNDLE_IDENTIFIER = com.kbisewska.GHFollowers;
				PRODUCT_NAME = "$(TARGET_NAME)";
				SWIFT_VERSION = 5.0;
				TARGETED_DEVICE_FAMILY = 1;
			};
			name = Release;
		};
		8FB3741D2440967300205C7A /* Debug */ = {
			isa = XCBuildConfiguration;
			buildSettings = {
				BUNDLE_LOADER = "$(TEST_HOST)";
				CODE_SIGN_STYLE = Automatic;
				DEVELOPMENT_TEAM = SBJ7C58BY6;
				INFOPLIST_FILE = GHFollowersTests/Info.plist;
				LD_RUNPATH_SEARCH_PATHS = (
					"$(inherited)",
					"@executable_path/Frameworks",
					"@loader_path/Frameworks",
				);
				PRODUCT_BUNDLE_IDENTIFIER = com.kbisewska.GHFollowersTests;
				PRODUCT_NAME = "$(TARGET_NAME)";
				SWIFT_VERSION = 5.0;
				TARGETED_DEVICE_FAMILY = "1,2";
				TEST_HOST = "$(BUILT_PRODUCTS_DIR)/GHFollowers.app/GHFollowers";
			};
			name = Debug;
		};
		8FB3741E2440967300205C7A /* Release */ = {
			isa = XCBuildConfiguration;
			buildSettings = {
				BUNDLE_LOADER = "$(TEST_HOST)";
				CODE_SIGN_STYLE = Automatic;
				DEVELOPMENT_TEAM = SBJ7C58BY6;
				INFOPLIST_FILE = GHFollowersTests/Info.plist;
				LD_RUNPATH_SEARCH_PATHS = (
					"$(inherited)",
					"@executable_path/Frameworks",
					"@loader_path/Frameworks",
				);
				PRODUCT_BUNDLE_IDENTIFIER = com.kbisewska.GHFollowersTests;
				PRODUCT_NAME = "$(TARGET_NAME)";
				SWIFT_VERSION = 5.0;
				TARGETED_DEVICE_FAMILY = "1,2";
				TEST_HOST = "$(BUILT_PRODUCTS_DIR)/GHFollowers.app/GHFollowers";
			};
			name = Release;
		};
/* End XCBuildConfiguration section */

/* Begin XCConfigurationList section */
		8FB373E3243F1D3800205C7A /* Build configuration list for PBXProject "GHFollowers" */ = {
			isa = XCConfigurationList;
			buildConfigurations = (
				8FB373FA243F1D3A00205C7A /* Debug */,
				8FB373FB243F1D3A00205C7A /* Release */,
			);
			defaultConfigurationIsVisible = 0;
			defaultConfigurationName = Release;
		};
		8FB373FC243F1D3A00205C7A /* Build configuration list for PBXNativeTarget "GHFollowers" */ = {
			isa = XCConfigurationList;
			buildConfigurations = (
				8FB373FD243F1D3A00205C7A /* Debug */,
				8FB373FE243F1D3A00205C7A /* Release */,
			);
			defaultConfigurationIsVisible = 0;
			defaultConfigurationName = Release;
		};
		8FB3741C2440967300205C7A /* Build configuration list for PBXNativeTarget "GHFollowersTests" */ = {
			isa = XCConfigurationList;
			buildConfigurations = (
				8FB3741D2440967300205C7A /* Debug */,
				8FB3741E2440967300205C7A /* Release */,
			);
			defaultConfigurationIsVisible = 0;
			defaultConfigurationName = Release;
		};
/* End XCConfigurationList section */

/* Begin XCRemoteSwiftPackageReference section */
		8FB3741F2440971000205C7A /* XCRemoteSwiftPackageReference "swift-snapshot-testing" */ = {
			isa = XCRemoteSwiftPackageReference;
			repositoryURL = "https://github.com/pointfreeco/swift-snapshot-testing";
			requirement = {
				kind = upToNextMajorVersion;
				minimumVersion = 1.7.2;
			};
		};
/* End XCRemoteSwiftPackageReference section */

/* Begin XCSwiftPackageProductDependency section */
		8FB374202440971000205C7A /* SnapshotTesting */ = {
			isa = XCSwiftPackageProductDependency;
			package = 8FB3741F2440971000205C7A /* XCRemoteSwiftPackageReference "swift-snapshot-testing" */;
			productName = SnapshotTesting;
		};
/* End XCSwiftPackageProductDependency section */
	};
	rootObject = 8FB373E0243F1D3800205C7A /* Project object */;
}
