// !$*UTF8*$!
{
	archiveVersion = 1;
	classes = {
	};
	objectVersion = 50;
	objects = {

/* Begin PBXBuildFile section */
		8FB373EC243F1D3800205C7A /* AppDelegate.swift in Sources */ = {isa = PBXBuildFile; fileRef = 8FB373EB243F1D3800205C7A /* AppDelegate.swift */; };
		8FB373EE243F1D3800205C7A /* SceneDelegate.swift in Sources */ = {isa = PBXBuildFile; fileRef = 8FB373ED243F1D3800205C7A /* SceneDelegate.swift */; };
		8FB373F5243F1D3A00205C7A /* Assets.xcassets in Resources */ = {isa = PBXBuildFile; fileRef = 8FB373F4243F1D3A00205C7A /* Assets.xcassets */; };
		8FB373F8243F1D3A00205C7A /* LaunchScreen.storyboard in Resources */ = {isa = PBXBuildFile; fileRef = 8FB373F6243F1D3A00205C7A /* LaunchScreen.storyboard */; };
		8FB37400243F50AF00205C7A /* SearchViewController.swift in Sources */ = {isa = PBXBuildFile; fileRef = 8FB373FF243F50AF00205C7A /* SearchViewController.swift */; };
		8FB37402243F50DD00205C7A /* FavoritesListViewController.swift in Sources */ = {isa = PBXBuildFile; fileRef = 8FB37401243F50DD00205C7A /* FavoritesListViewController.swift */; };
		8FB37404243F64C900205C7A /* GFButton.swift in Sources */ = {isa = PBXBuildFile; fileRef = 8FB37403243F64C900205C7A /* GFButton.swift */; };
		8FB37406243F6B9C00205C7A /* GFTextField.swift in Sources */ = {isa = PBXBuildFile; fileRef = 8FB37405243F6B9C00205C7A /* GFTextField.swift */; };
		8FB3740824406FCA00205C7A /* FollowerListViewController.swift in Sources */ = {isa = PBXBuildFile; fileRef = 8FB3740724406FCA00205C7A /* FollowerListViewController.swift */; };
		8FB3740A24407B6B00205C7A /* GFTitleLabel.swift in Sources */ = {isa = PBXBuildFile; fileRef = 8FB3740924407B6B00205C7A /* GFTitleLabel.swift */; };
		8FB3740C24407CE000205C7A /* GFBodyLabel.swift in Sources */ = {isa = PBXBuildFile; fileRef = 8FB3740B24407CE000205C7A /* GFBodyLabel.swift */; };
		8FB3740E24407D9B00205C7A /* GFAlertViewController.swift in Sources */ = {isa = PBXBuildFile; fileRef = 8FB3740D24407D9B00205C7A /* GFAlertViewController.swift */; };
		8FB374102440902000205C7A /* UIViewController+Ext.swift in Sources */ = {isa = PBXBuildFile; fileRef = 8FB3740F2440902000205C7A /* UIViewController+Ext.swift */; };
/* End PBXBuildFile section */

/* Begin PBXFileReference section */
		8FB373E8243F1D3800205C7A /* GHFollowers.app */ = {isa = PBXFileReference; explicitFileType = wrapper.application; includeInIndex = 0; path = GHFollowers.app; sourceTree = BUILT_PRODUCTS_DIR; };
		8FB373EB243F1D3800205C7A /* AppDelegate.swift */ = {isa = PBXFileReference; lastKnownFileType = sourcecode.swift; path = AppDelegate.swift; sourceTree = "<group>"; };
		8FB373ED243F1D3800205C7A /* SceneDelegate.swift */ = {isa = PBXFileReference; lastKnownFileType = sourcecode.swift; path = SceneDelegate.swift; sourceTree = "<group>"; };
		8FB373F4243F1D3A00205C7A /* Assets.xcassets */ = {isa = PBXFileReference; lastKnownFileType = folder.assetcatalog; path = Assets.xcassets; sourceTree = "<group>"; };
		8FB373F7243F1D3A00205C7A /* Base */ = {isa = PBXFileReference; lastKnownFileType = file.storyboard; name = Base; path = Base.lproj/LaunchScreen.storyboard; sourceTree = "<group>"; };
		8FB373F9243F1D3A00205C7A /* Info.plist */ = {isa = PBXFileReference; lastKnownFileType = text.plist.xml; path = Info.plist; sourceTree = "<group>"; };
		8FB373FF243F50AF00205C7A /* SearchViewController.swift */ = {isa = PBXFileReference; lastKnownFileType = sourcecode.swift; path = SearchViewController.swift; sourceTree = "<group>"; };
		8FB37401243F50DD00205C7A /* FavoritesListViewController.swift */ = {isa = PBXFileReference; lastKnownFileType = sourcecode.swift; path = FavoritesListViewController.swift; sourceTree = "<group>"; };
		8FB37403243F64C900205C7A /* GFButton.swift */ = {isa = PBXFileReference; lastKnownFileType = sourcecode.swift; path = GFButton.swift; sourceTree = "<group>"; };
		8FB37405243F6B9C00205C7A /* GFTextField.swift */ = {isa = PBXFileReference; lastKnownFileType = sourcecode.swift; path = GFTextField.swift; sourceTree = "<group>"; };
		8FB3740724406FCA00205C7A /* FollowerListViewController.swift */ = {isa = PBXFileReference; lastKnownFileType = sourcecode.swift; path = FollowerListViewController.swift; sourceTree = "<group>"; };
		8FB3740924407B6B00205C7A /* GFTitleLabel.swift */ = {isa = PBXFileReference; lastKnownFileType = sourcecode.swift; path = GFTitleLabel.swift; sourceTree = "<group>"; };
		8FB3740B24407CE000205C7A /* GFBodyLabel.swift */ = {isa = PBXFileReference; lastKnownFileType = sourcecode.swift; path = GFBodyLabel.swift; sourceTree = "<group>"; };
		8FB3740D24407D9B00205C7A /* GFAlertViewController.swift */ = {isa = PBXFileReference; lastKnownFileType = sourcecode.swift; path = GFAlertViewController.swift; sourceTree = "<group>"; };
		8FB3740F2440902000205C7A /* UIViewController+Ext.swift */ = {isa = PBXFileReference; lastKnownFileType = sourcecode.swift; path = "UIViewController+Ext.swift"; sourceTree = "<group>"; };
/* End PBXFileReference section */

/* Begin PBXFrameworksBuildPhase section */
		8FB373E5243F1D3800205C7A /* Frameworks */ = {
			isa = PBXFrameworksBuildPhase;
			buildActionMask = 2147483647;
			files = (
			);
			runOnlyForDeploymentPostprocessing = 0;
		};
/* End PBXFrameworksBuildPhase section */

/* Begin PBXGroup section */
		8FB373DF243F1D3800205C7A = {
			isa = PBXGroup;
			children = (
				8FB373EA243F1D3800205C7A /* GHFollowers */,
				8FB373E9243F1D3800205C7A /* Products */,
			);
			sourceTree = "<group>";
		};
		8FB373E9243F1D3800205C7A /* Products */ = {
			isa = PBXGroup;
			children = (
				8FB373E8243F1D3800205C7A /* GHFollowers.app */,
			);
			name = Products;
			sourceTree = "<group>";
		};
		8FB373EA243F1D3800205C7A /* GHFollowers */ = {
			isa = PBXGroup;
			children = (
				8FB373EB243F1D3800205C7A /* AppDelegate.swift */,
				8FB373ED243F1D3800205C7A /* SceneDelegate.swift */,
				8FB373F4243F1D3A00205C7A /* Assets.xcassets */,
				8FB373F6243F1D3A00205C7A /* LaunchScreen.storyboard */,
				8FB373F9243F1D3A00205C7A /* Info.plist */,
				8FB373FF243F50AF00205C7A /* SearchViewController.swift */,
				8FB37401243F50DD00205C7A /* FavoritesListViewController.swift */,
				8FB37403243F64C900205C7A /* GFButton.swift */,
				8FB37405243F6B9C00205C7A /* GFTextField.swift */,
				8FB3740724406FCA00205C7A /* FollowerListViewController.swift */,
				8FB3740924407B6B00205C7A /* GFTitleLabel.swift */,
				8FB3740B24407CE000205C7A /* GFBodyLabel.swift */,
				8FB3740D24407D9B00205C7A /* GFAlertViewController.swift */,
				8FB3740F2440902000205C7A /* UIViewController+Ext.swift */,
			);
			path = GHFollowers;
			sourceTree = "<group>";
		};
/* End PBXGroup section */

/* Begin PBXNativeTarget section */
		8FB373E7243F1D3800205C7A /* GHFollowers */ = {
			isa = PBXNativeTarget;
			buildConfigurationList = 8FB373FC243F1D3A00205C7A /* Build configuration list for PBXNativeTarget "GHFollowers" */;
			buildPhases = (
				8FB373E4243F1D3800205C7A /* Sources */,
				8FB373E5243F1D3800205C7A /* Frameworks */,
				8FB373E6243F1D3800205C7A /* Resources */,
			);
			buildRules = (
			);
			dependencies = (
			);
			name = GHFollowers;
			productName = GHFollowers;
			productReference = 8FB373E8243F1D3800205C7A /* GHFollowers.app */;
			productType = "com.apple.product-type.application";
		};
/* End PBXNativeTarget section */

/* Begin PBXProject section */
		8FB373E0243F1D3800205C7A /* Project object */ = {
			isa = PBXProject;
			attributes = {
				LastSwiftUpdateCheck = 1130;
				LastUpgradeCheck = 1130;
				ORGANIZATIONNAME = kbisewska;
				TargetAttributes = {
					8FB373E7243F1D3800205C7A = {
						CreatedOnToolsVersion = 11.3.1;
					};
				};
			};
			buildConfigurationList = 8FB373E3243F1D3800205C7A /* Build configuration list for PBXProject "GHFollowers" */;
			compatibilityVersion = "Xcode 9.3";
			developmentRegion = en;
			hasScannedForEncodings = 0;
			knownRegions = (
				en,
				Base,
			);
			mainGroup = 8FB373DF243F1D3800205C7A;
			productRefGroup = 8FB373E9243F1D3800205C7A /* Products */;
			projectDirPath = "";
			projectRoot = "";
			targets = (
				8FB373E7243F1D3800205C7A /* GHFollowers */,
			);
		};
/* End PBXProject section */

/* Begin PBXResourcesBuildPhase section */
		8FB373E6243F1D3800205C7A /* Resources */ = {
			isa = PBXResourcesBuildPhase;
			buildActionMask = 2147483647;
			files = (
				8FB373F8243F1D3A00205C7A /* LaunchScreen.storyboard in Resources */,
				8FB373F5243F1D3A00205C7A /* Assets.xcassets in Resources */,
			);
			runOnlyForDeploymentPostprocessing = 0;
		};
/* End PBXResourcesBuildPhase section */

/* Begin PBXSourcesBuildPhase section */
		8FB373E4243F1D3800205C7A /* Sources */ = {
			isa = PBXSourcesBuildPhase;
			buildActionMask = 2147483647;
			files = (
				8FB3740E24407D9B00205C7A /* GFAlertViewController.swift in Sources */,
				8FB37406243F6B9C00205C7A /* GFTextField.swift in Sources */,
				8FB37400243F50AF00205C7A /* SearchViewController.swift in Sources */,
				8FB374102440902000205C7A /* UIViewController+Ext.swift in Sources */,
				8FB37404243F64C900205C7A /* GFButton.swift in Sources */,
				8FB3740824406FCA00205C7A /* FollowerListViewController.swift in Sources */,
				8FB3740C24407CE000205C7A /* GFBodyLabel.swift in Sources */,
				8FB3740A24407B6B00205C7A /* GFTitleLabel.swift in Sources */,
				8FB373EC243F1D3800205C7A /* AppDelegate.swift in Sources */,
				8FB37402243F50DD00205C7A /* FavoritesListViewController.swift in Sources */,
				8FB373EE243F1D3800205C7A /* SceneDelegate.swift in Sources */,
			);
			runOnlyForDeploymentPostprocessing = 0;
		};
/* End PBXSourcesBuildPhase section */

/* Begin PBXVariantGroup section */
		8FB373F6243F1D3A00205C7A /* LaunchScreen.storyboard */ = {
			isa = PBXVariantGroup;
			children = (
				8FB373F7243F1D3A00205C7A /* Base */,
			);
			name = LaunchScreen.storyboard;
			sourceTree = "<group>";
		};
/* End PBXVariantGroup section */

/* Begin XCBuildConfiguration section */
		8FB373FA243F1D3A00205C7A /* Debug */ = {
			isa = XCBuildConfiguration;
			buildSettings = {
				ALWAYS_SEARCH_USER_PATHS = NO;
				CLANG_ANALYZER_NONNULL = YES;
				CLANG_ANALYZER_NUMBER_OBJECT_CONVERSION = YES_AGGRESSIVE;
				CLANG_CXX_LANGUAGE_STANDARD = "gnu++14";
				CLANG_CXX_LIBRARY = "libc++";
				CLANG_ENABLE_MODULES = YES;
				CLANG_ENABLE_OBJC_ARC = YES;
				CLANG_ENABLE_OBJC_WEAK = YES;
				CLANG_WARN_BLOCK_CAPTURE_AUTORELEASING = YES;
				CLANG_WARN_BOOL_CONVERSION = YES;
				CLANG_WARN_COMMA = YES;
				CLANG_WARN_CONSTANT_CONVERSION = YES;
				CLANG_WARN_DEPRECATED_OBJC_IMPLEMENTATIONS = YES;
				CLANG_WARN_DIRECT_OBJC_ISA_USAGE = YES_ERROR;
				CLANG_WARN_DOCUMENTATION_COMMENTS = YES;
				CLANG_WARN_EMPTY_BODY = YES;
				CLANG_WARN_ENUM_CONVERSION = YES;
				CLANG_WARN_INFINITE_RECURSION = YES;
				CLANG_WARN_INT_CONVERSION = YES;
				CLANG_WARN_NON_LITERAL_NULL_CONVERSION = YES;
				CLANG_WARN_OBJC_IMPLICIT_RETAIN_SELF = YES;
				CLANG_WARN_OBJC_LITERAL_CONVERSION = YES;
				CLANG_WARN_OBJC_ROOT_CLASS = YES_ERROR;
				CLANG_WARN_RANGE_LOOP_ANALYSIS = YES;
				CLANG_WARN_STRICT_PROTOTYPES = YES;
				CLANG_WARN_SUSPICIOUS_MOVE = YES;
				CLANG_WARN_UNGUARDED_AVAILABILITY = YES_AGGRESSIVE;
				CLANG_WARN_UNREACHABLE_CODE = YES;
				CLANG_WARN__DUPLICATE_METHOD_MATCH = YES;
				COPY_PHASE_STRIP = NO;
				DEBUG_INFORMATION_FORMAT = dwarf;
				ENABLE_STRICT_OBJC_MSGSEND = YES;
				ENABLE_TESTABILITY = YES;
				GCC_C_LANGUAGE_STANDARD = gnu11;
				GCC_DYNAMIC_NO_PIC = NO;
				GCC_NO_COMMON_BLOCKS = YES;
				GCC_OPTIMIZATION_LEVEL = 0;
				GCC_PREPROCESSOR_DEFINITIONS = (
					"DEBUG=1",
					"$(inherited)",
				);
				GCC_WARN_64_TO_32_BIT_CONVERSION = YES;
				GCC_WARN_ABOUT_RETURN_TYPE = YES_ERROR;
				GCC_WARN_UNDECLARED_SELECTOR = YES;
				GCC_WARN_UNINITIALIZED_AUTOS = YES_AGGRESSIVE;
				GCC_WARN_UNUSED_FUNCTION = YES;
				GCC_WARN_UNUSED_VARIABLE = YES;
				IPHONEOS_DEPLOYMENT_TARGET = 13.2;
				MTL_ENABLE_DEBUG_INFO = INCLUDE_SOURCE;
				MTL_FAST_MATH = YES;
				ONLY_ACTIVE_ARCH = YES;
				SDKROOT = iphoneos;
				SWIFT_ACTIVE_COMPILATION_CONDITIONS = DEBUG;
				SWIFT_OPTIMIZATION_LEVEL = "-Onone";
			};
			name = Debug;
		};
		8FB373FB243F1D3A00205C7A /* Release */ = {
			isa = XCBuildConfiguration;
			buildSettings = {
				ALWAYS_SEARCH_USER_PATHS = NO;
				CLANG_ANALYZER_NONNULL = YES;
				CLANG_ANALYZER_NUMBER_OBJECT_CONVERSION = YES_AGGRESSIVE;
				CLANG_CXX_LANGUAGE_STANDARD = "gnu++14";
				CLANG_CXX_LIBRARY = "libc++";
				CLANG_ENABLE_MODULES = YES;
				CLANG_ENABLE_OBJC_ARC = YES;
				CLANG_ENABLE_OBJC_WEAK = YES;
				CLANG_WARN_BLOCK_CAPTURE_AUTORELEASING = YES;
				CLANG_WARN_BOOL_CONVERSION = YES;
				CLANG_WARN_COMMA = YES;
				CLANG_WARN_CONSTANT_CONVERSION = YES;
				CLANG_WARN_DEPRECATED_OBJC_IMPLEMENTATIONS = YES;
				CLANG_WARN_DIRECT_OBJC_ISA_USAGE = YES_ERROR;
				CLANG_WARN_DOCUMENTATION_COMMENTS = YES;
				CLANG_WARN_EMPTY_BODY = YES;
				CLANG_WARN_ENUM_CONVERSION = YES;
				CLANG_WARN_INFINITE_RECURSION = YES;
				CLANG_WARN_INT_CONVERSION = YES;
				CLANG_WARN_NON_LITERAL_NULL_CONVERSION = YES;
				CLANG_WARN_OBJC_IMPLICIT_RETAIN_SELF = YES;
				CLANG_WARN_OBJC_LITERAL_CONVERSION = YES;
				CLANG_WARN_OBJC_ROOT_CLASS = YES_ERROR;
				CLANG_WARN_RANGE_LOOP_ANALYSIS = YES;
				CLANG_WARN_STRICT_PROTOTYPES = YES;
				CLANG_WARN_SUSPICIOUS_MOVE = YES;
				CLANG_WARN_UNGUARDED_AVAILABILITY = YES_AGGRESSIVE;
				CLANG_WARN_UNREACHABLE_CODE = YES;
				CLANG_WARN__DUPLICATE_METHOD_MATCH = YES;
				COPY_PHASE_STRIP = NO;
				DEBUG_INFORMATION_FORMAT = "dwarf-with-dsym";
				ENABLE_NS_ASSERTIONS = NO;
				ENABLE_STRICT_OBJC_MSGSEND = YES;
				GCC_C_LANGUAGE_STANDARD = gnu11;
				GCC_NO_COMMON_BLOCKS = YES;
				GCC_WARN_64_TO_32_BIT_CONVERSION = YES;
				GCC_WARN_ABOUT_RETURN_TYPE = YES_ERROR;
				GCC_WARN_UNDECLARED_SELECTOR = YES;
				GCC_WARN_UNINITIALIZED_AUTOS = YES_AGGRESSIVE;
				GCC_WARN_UNUSED_FUNCTION = YES;
				GCC_WARN_UNUSED_VARIABLE = YES;
				IPHONEOS_DEPLOYMENT_TARGET = 13.2;
				MTL_ENABLE_DEBUG_INFO = NO;
				MTL_FAST_MATH = YES;
				SDKROOT = iphoneos;
				SWIFT_COMPILATION_MODE = wholemodule;
				SWIFT_OPTIMIZATION_LEVEL = "-O";
				VALIDATE_PRODUCT = YES;
			};
			name = Release;
		};
		8FB373FD243F1D3A00205C7A /* Debug */ = {
			isa = XCBuildConfiguration;
			buildSettings = {
				ASSETCATALOG_COMPILER_APPICON_NAME = AppIcon;
				CODE_SIGN_STYLE = Automatic;
				DEVELOPMENT_TEAM = SBJ7C58BY6;
				INFOPLIST_FILE = GHFollowers/Info.plist;
				LD_RUNPATH_SEARCH_PATHS = (
					"$(inherited)",
					"@executable_path/Frameworks",
				);
				PRODUCT_BUNDLE_IDENTIFIER = com.kbisewska.GHFollowers;
				PRODUCT_NAME = "$(TARGET_NAME)";
				SWIFT_VERSION = 5.0;
				TARGETED_DEVICE_FAMILY = 1;
			};
			name = Debug;
		};
		8FB373FE243F1D3A00205C7A /* Release */ = {
			isa = XCBuildConfiguration;
			buildSettings = {
				ASSETCATALOG_COMPILER_APPICON_NAME = AppIcon;
				CODE_SIGN_STYLE = Automatic;
				DEVELOPMENT_TEAM = SBJ7C58BY6;
				INFOPLIST_FILE = GHFollowers/Info.plist;
				LD_RUNPATH_SEARCH_PATHS = (
					"$(inherited)",
					"@executable_path/Frameworks",
				);
				PRODUCT_BUNDLE_IDENTIFIER = com.kbisewska.GHFollowers;
				PRODUCT_NAME = "$(TARGET_NAME)";
				SWIFT_VERSION = 5.0;
				TARGETED_DEVICE_FAMILY = 1;
			};
			name = Release;
		};
/* End XCBuildConfiguration section */

/* Begin XCConfigurationList section */
		8FB373E3243F1D3800205C7A /* Build configuration list for PBXProject "GHFollowers" */ = {
			isa = XCConfigurationList;
			buildConfigurations = (
				8FB373FA243F1D3A00205C7A /* Debug */,
				8FB373FB243F1D3A00205C7A /* Release */,
			);
			defaultConfigurationIsVisible = 0;
			defaultConfigurationName = Release;
		};
		8FB373FC243F1D3A00205C7A /* Build configuration list for PBXNativeTarget "GHFollowers" */ = {
			isa = XCConfigurationList;
			buildConfigurations = (
				8FB373FD243F1D3A00205C7A /* Debug */,
				8FB373FE243F1D3A00205C7A /* Release */,
			);
			defaultConfigurationIsVisible = 0;
			defaultConfigurationName = Release;
		};
/* End XCConfigurationList section */
	};
	rootObject = 8FB373E0243F1D3800205C7A /* Project object */;
}
